// !$*UTF8*$!
{
	archiveVersion = 1;
	classes = {
	};
	objectVersion = 50;
	objects = {

/* Begin PBXBuildFile section */
		2B27667D8CE560D62162A4B3 /* Pods_FlickrApp.framework in Frameworks */ = {isa = PBXBuildFile; fileRef = 04E2B3BA8C2172755F357C4D /* Pods_FlickrApp.framework */; };
		6F0F45D320B6BAFD00017D9D /* MNGVCoreImageExtensions.swift in Sources */ = {isa = PBXBuildFile; fileRef = 6F0F45D220B6BAFD00017D9D /* MNGVCoreImageExtensions.swift */; };
		6F27DB1320B557240063E4A0 /* Image.swift in Sources */ = {isa = PBXBuildFile; fileRef = 6F27DB1220B557240063E4A0 /* Image.swift */; };
		6F27DB1520B55C380063E4A0 /* NetworkLayer.swift in Sources */ = {isa = PBXBuildFile; fileRef = 6F27DB1420B55C380063E4A0 /* NetworkLayer.swift */; };
		6F5509E320ADAB710023002C /* GradientView.swift in Sources */ = {isa = PBXBuildFile; fileRef = 6F5509E220ADAB710023002C /* GradientView.swift */; };
		6F6BB57920A9BAA400700751 /* AppDelegate.swift in Sources */ = {isa = PBXBuildFile; fileRef = 6F6BB57820A9BAA400700751 /* AppDelegate.swift */; };
		6F6BB57B20A9BAA400700751 /* ViewController.swift in Sources */ = {isa = PBXBuildFile; fileRef = 6F6BB57A20A9BAA400700751 /* ViewController.swift */; };
		6F6BB57E20A9BAA400700751 /* Main.storyboard in Resources */ = {isa = PBXBuildFile; fileRef = 6F6BB57C20A9BAA400700751 /* Main.storyboard */; };
		6F6BB58120A9BAA400700751 /* FlickrApp.xcdatamodeld in Sources */ = {isa = PBXBuildFile; fileRef = 6F6BB57F20A9BAA400700751 /* FlickrApp.xcdatamodeld */; };
		6F6BB58320A9BAA600700751 /* Assets.xcassets in Resources */ = {isa = PBXBuildFile; fileRef = 6F6BB58220A9BAA600700751 /* Assets.xcassets */; };
		6F6BB58620A9BAA600700751 /* LaunchScreen.storyboard in Resources */ = {isa = PBXBuildFile; fileRef = 6F6BB58420A9BAA600700751 /* LaunchScreen.storyboard */; };
		6F7D89B520B4155200DA7810 /* LoginVC.swift in Sources */ = {isa = PBXBuildFile; fileRef = 6F7D89B420B4155200DA7810 /* LoginVC.swift */; };
		6F85C05320B43CB000AC2DAA /* DashboardVC.swift in Sources */ = {isa = PBXBuildFile; fileRef = 6F85C05220B43CB000AC2DAA /* DashboardVC.swift */; };
		6F85C05620B44D0000AC2DAA /* SignUpVC.swift in Sources */ = {isa = PBXBuildFile; fileRef = 6F85C05520B44D0000AC2DAA /* SignUpVC.swift */; };
/* End PBXBuildFile section */

/* Begin PBXFileReference section */
		04E2B3BA8C2172755F357C4D /* Pods_FlickrApp.framework */ = {isa = PBXFileReference; explicitFileType = wrapper.framework; includeInIndex = 0; path = Pods_FlickrApp.framework; sourceTree = BUILT_PRODUCTS_DIR; };
		6F0F45D220B6BAFD00017D9D /* MNGVCoreImageExtensions.swift */ = {isa = PBXFileReference; lastKnownFileType = sourcecode.swift; path = MNGVCoreImageExtensions.swift; sourceTree = "<group>"; };
		6F27DB1220B557240063E4A0 /* Image.swift */ = {isa = PBXFileReference; lastKnownFileType = sourcecode.swift; path = Image.swift; sourceTree = "<group>"; };
		6F27DB1420B55C380063E4A0 /* NetworkLayer.swift */ = {isa = PBXFileReference; lastKnownFileType = sourcecode.swift; path = NetworkLayer.swift; sourceTree = "<group>"; };
		6F5509E220ADAB710023002C /* GradientView.swift */ = {isa = PBXFileReference; lastKnownFileType = sourcecode.swift; path = GradientView.swift; sourceTree = "<group>"; };
		6F6BB57520A9BAA400700751 /* FlickrApp.app */ = {isa = PBXFileReference; explicitFileType = wrapper.application; includeInIndex = 0; path = FlickrApp.app; sourceTree = BUILT_PRODUCTS_DIR; };
		6F6BB57820A9BAA400700751 /* AppDelegate.swift */ = {isa = PBXFileReference; lastKnownFileType = sourcecode.swift; path = AppDelegate.swift; sourceTree = "<group>"; };
		6F6BB57A20A9BAA400700751 /* ViewController.swift */ = {isa = PBXFileReference; lastKnownFileType = sourcecode.swift; path = ViewController.swift; sourceTree = "<group>"; };
		6F6BB57D20A9BAA400700751 /* Base */ = {isa = PBXFileReference; lastKnownFileType = file.storyboard; name = Base; path = Base.lproj/Main.storyboard; sourceTree = "<group>"; };
		6F6BB58020A9BAA400700751 /* FlickrApp.xcdatamodel */ = {isa = PBXFileReference; lastKnownFileType = wrapper.xcdatamodel; path = FlickrApp.xcdatamodel; sourceTree = "<group>"; };
		6F6BB58220A9BAA600700751 /* Assets.xcassets */ = {isa = PBXFileReference; lastKnownFileType = folder.assetcatalog; path = Assets.xcassets; sourceTree = "<group>"; };
		6F6BB58520A9BAA600700751 /* Base */ = {isa = PBXFileReference; lastKnownFileType = file.storyboard; name = Base; path = Base.lproj/LaunchScreen.storyboard; sourceTree = "<group>"; };
		6F6BB58720A9BAA600700751 /* Info.plist */ = {isa = PBXFileReference; lastKnownFileType = text.plist.xml; path = Info.plist; sourceTree = "<group>"; };
		6F7D89B420B4155200DA7810 /* LoginVC.swift */ = {isa = PBXFileReference; lastKnownFileType = sourcecode.swift; path = LoginVC.swift; sourceTree = "<group>"; };
		6F85C05220B43CB000AC2DAA /* DashboardVC.swift */ = {isa = PBXFileReference; lastKnownFileType = sourcecode.swift; path = DashboardVC.swift; sourceTree = "<group>"; };
		6F85C05520B44D0000AC2DAA /* SignUpVC.swift */ = {isa = PBXFileReference; lastKnownFileType = sourcecode.swift; path = SignUpVC.swift; sourceTree = "<group>"; };
		9BD27AC9D7DAEE0DD1207242 /* Pods-FlickrApp.release.xcconfig */ = {isa = PBXFileReference; includeInIndex = 1; lastKnownFileType = text.xcconfig; name = "Pods-FlickrApp.release.xcconfig"; path = "Pods/Target Support Files/Pods-FlickrApp/Pods-FlickrApp.release.xcconfig"; sourceTree = "<group>"; };
		D0FB81A3624A0DDA48C4D132 /* Pods-FlickrApp.debug.xcconfig */ = {isa = PBXFileReference; includeInIndex = 1; lastKnownFileType = text.xcconfig; name = "Pods-FlickrApp.debug.xcconfig"; path = "Pods/Target Support Files/Pods-FlickrApp/Pods-FlickrApp.debug.xcconfig"; sourceTree = "<group>"; };
/* End PBXFileReference section */

/* Begin PBXFrameworksBuildPhase section */
		6F6BB57220A9BAA400700751 /* Frameworks */ = {
			isa = PBXFrameworksBuildPhase;
			buildActionMask = 2147483647;
			files = (
				2B27667D8CE560D62162A4B3 /* Pods_FlickrApp.framework in Frameworks */,
			);
			runOnlyForDeploymentPostprocessing = 0;
		};
/* End PBXFrameworksBuildPhase section */

/* Begin PBXGroup section */
		5EB41E006288DBD17EBB02CF /* Pods */ = {
			isa = PBXGroup;
			children = (
				D0FB81A3624A0DDA48C4D132 /* Pods-FlickrApp.debug.xcconfig */,
				9BD27AC9D7DAEE0DD1207242 /* Pods-FlickrApp.release.xcconfig */,
			);
			name = Pods;
			sourceTree = "<group>";
		};
		6F5509DF20ADA5E90023002C /* View */ = {
			isa = PBXGroup;
			children = (
				6F5509E220ADAB710023002C /* GradientView.swift */,
			);
			path = View;
			sourceTree = "<group>";
		};
		6F6BB56C20A9BAA300700751 = {
			isa = PBXGroup;
			children = (
				6F6BB57720A9BAA400700751 /* FlickrApp */,
				6F6BB57620A9BAA400700751 /* Products */,
				5EB41E006288DBD17EBB02CF /* Pods */,
				89A9866317C3CBEC00CFD544 /* Frameworks */,
			);
			sourceTree = "<group>";
		};
		6F6BB57620A9BAA400700751 /* Products */ = {
			isa = PBXGroup;
			children = (
				6F6BB57520A9BAA400700751 /* FlickrApp.app */,
			);
			name = Products;
			sourceTree = "<group>";
		};
		6F6BB57720A9BAA400700751 /* FlickrApp */ = {
			isa = PBXGroup;
			children = (
				6F85C05420B43EDB00AC2DAA /* ViewControllers */,
				6F5509DF20ADA5E90023002C /* View */,
				6F6BB57820A9BAA400700751 /* AppDelegate.swift */,
				6F6BB57A20A9BAA400700751 /* ViewController.swift */,
				6F6BB57C20A9BAA400700751 /* Main.storyboard */,
				6F6BB58220A9BAA600700751 /* Assets.xcassets */,
				6F6BB58420A9BAA600700751 /* LaunchScreen.storyboard */,
				6F6BB58720A9BAA600700751 /* Info.plist */,
				6F6BB57F20A9BAA400700751 /* FlickrApp.xcdatamodeld */,
				6F27DB1220B557240063E4A0 /* Image.swift */,
				6F27DB1420B55C380063E4A0 /* NetworkLayer.swift */,
				6F0F45D220B6BAFD00017D9D /* MNGVCoreImageExtensions.swift */,
			);
			path = FlickrApp;
			sourceTree = "<group>";
		};
		6F85C05420B43EDB00AC2DAA /* ViewControllers */ = {
			isa = PBXGroup;
			children = (
				6F7D89B420B4155200DA7810 /* LoginVC.swift */,
				6F85C05220B43CB000AC2DAA /* DashboardVC.swift */,
				6F85C05520B44D0000AC2DAA /* SignUpVC.swift */,
			);
			path = ViewControllers;
			sourceTree = "<group>";
		};
		89A9866317C3CBEC00CFD544 /* Frameworks */ = {
			isa = PBXGroup;
			children = (
				04E2B3BA8C2172755F357C4D /* Pods_FlickrApp.framework */,
			);
			name = Frameworks;
			sourceTree = "<group>";
		};
/* End PBXGroup section */

/* Begin PBXNativeTarget section */
		6F6BB57420A9BAA400700751 /* FlickrApp */ = {
			isa = PBXNativeTarget;
			buildConfigurationList = 6F6BB58A20A9BAA600700751 /* Build configuration list for PBXNativeTarget "FlickrApp" */;
			buildPhases = (
				AECE6E4A8DB3085B08303316 /* [CP] Check Pods Manifest.lock */,
				6F6BB57120A9BAA400700751 /* Sources */,
				6F6BB57220A9BAA400700751 /* Frameworks */,
				6F6BB57320A9BAA400700751 /* Resources */,
				0E6A19299B568B260ED754F8 /* [CP] Embed Pods Frameworks */,
			);
			buildRules = (
			);
			dependencies = (
			);
			name = FlickrApp;
			productName = FlickrApp;
			productReference = 6F6BB57520A9BAA400700751 /* FlickrApp.app */;
			productType = "com.apple.product-type.application";
		};
/* End PBXNativeTarget section */

/* Begin PBXProject section */
		6F6BB56D20A9BAA400700751 /* Project object */ = {
			isa = PBXProject;
			attributes = {
				LastSwiftUpdateCheck = 0930;
				LastUpgradeCheck = 0930;
				ORGANIZATIONNAME = "Kovács Zsóka";
				TargetAttributes = {
					6F6BB57420A9BAA400700751 = {
						CreatedOnToolsVersion = 9.3;
					};
				};
			};
			buildConfigurationList = 6F6BB57020A9BAA400700751 /* Build configuration list for PBXProject "FlickrApp" */;
			compatibilityVersion = "Xcode 9.3";
			developmentRegion = en;
			hasScannedForEncodings = 0;
			knownRegions = (
				en,
				Base,
			);
			mainGroup = 6F6BB56C20A9BAA300700751;
			productRefGroup = 6F6BB57620A9BAA400700751 /* Products */;
			projectDirPath = "";
			projectRoot = "";
			targets = (
				6F6BB57420A9BAA400700751 /* FlickrApp */,
			);
		};
/* End PBXProject section */

/* Begin PBXResourcesBuildPhase section */
		6F6BB57320A9BAA400700751 /* Resources */ = {
			isa = PBXResourcesBuildPhase;
			buildActionMask = 2147483647;
			files = (
				6F6BB58620A9BAA600700751 /* LaunchScreen.storyboard in Resources */,
				6F6BB58320A9BAA600700751 /* Assets.xcassets in Resources */,
				6F6BB57E20A9BAA400700751 /* Main.storyboard in Resources */,
			);
			runOnlyForDeploymentPostprocessing = 0;
		};
/* End PBXResourcesBuildPhase section */

/* Begin PBXShellScriptBuildPhase section */
		0E6A19299B568B260ED754F8 /* [CP] Embed Pods Frameworks */ = {
			isa = PBXShellScriptBuildPhase;
			buildActionMask = 2147483647;
			files = (
			);
			inputPaths = (
				"${SRCROOT}/Pods/Target Support Files/Pods-FlickrApp/Pods-FlickrApp-frameworks.sh",
				"${BUILT_PRODUCTS_DIR}/Alamofire/Alamofire.framework",
				"${BUILT_PRODUCTS_DIR}/AlamofireImage/AlamofireImage.framework",
				"${BUILT_PRODUCTS_DIR}/Kingfisher/Kingfisher.framework",
				"${BUILT_PRODUCTS_DIR}/Moya/Moya.framework",
				"${BUILT_PRODUCTS_DIR}/Result/Result.framework",
			);
			name = "[CP] Embed Pods Frameworks";
			outputPaths = (
				"${TARGET_BUILD_DIR}/${FRAMEWORKS_FOLDER_PATH}/Alamofire.framework",
				"${TARGET_BUILD_DIR}/${FRAMEWORKS_FOLDER_PATH}/AlamofireImage.framework",
				"${TARGET_BUILD_DIR}/${FRAMEWORKS_FOLDER_PATH}/Kingfisher.framework",
				"${TARGET_BUILD_DIR}/${FRAMEWORKS_FOLDER_PATH}/Moya.framework",
				"${TARGET_BUILD_DIR}/${FRAMEWORKS_FOLDER_PATH}/Result.framework",
			);
			runOnlyForDeploymentPostprocessing = 0;
			shellPath = /bin/sh;
			shellScript = "\"${SRCROOT}/Pods/Target Support Files/Pods-FlickrApp/Pods-FlickrApp-frameworks.sh\"\n";
			showEnvVarsInLog = 0;
		};
		AECE6E4A8DB3085B08303316 /* [CP] Check Pods Manifest.lock */ = {
			isa = PBXShellScriptBuildPhase;
			buildActionMask = 2147483647;
			files = (
			);
			inputPaths = (
				"${PODS_PODFILE_DIR_PATH}/Podfile.lock",
				"${PODS_ROOT}/Manifest.lock",
			);
			name = "[CP] Check Pods Manifest.lock";
			outputPaths = (
				"$(DERIVED_FILE_DIR)/Pods-FlickrApp-checkManifestLockResult.txt",
			);
			runOnlyForDeploymentPostprocessing = 0;
			shellPath = /bin/sh;
			shellScript = "diff \"${PODS_PODFILE_DIR_PATH}/Podfile.lock\" \"${PODS_ROOT}/Manifest.lock\" > /dev/null\nif [ $? != 0 ] ; then\n    # print error to STDERR\n    echo \"error: The sandbox is not in sync with the Podfile.lock. Run 'pod install' or update your CocoaPods installation.\" >&2\n    exit 1\nfi\n# This output is used by Xcode 'outputs' to avoid re-running this script phase.\necho \"SUCCESS\" > \"${SCRIPT_OUTPUT_FILE_0}\"\n";
			showEnvVarsInLog = 0;
		};
/* End PBXShellScriptBuildPhase section */

/* Begin PBXSourcesBuildPhase section */
		6F6BB57120A9BAA400700751 /* Sources */ = {
			isa = PBXSourcesBuildPhase;
			buildActionMask = 2147483647;
			files = (
				6F0F45D320B6BAFD00017D9D /* MNGVCoreImageExtensions.swift in Sources */,
				6F27DB1520B55C380063E4A0 /* NetworkLayer.swift in Sources */,
				6F85C05620B44D0000AC2DAA /* SignUpVC.swift in Sources */,
				6F27DB1320B557240063E4A0 /* Image.swift in Sources */,
				6F6BB57B20A9BAA400700751 /* ViewController.swift in Sources */,
				6F85C05320B43CB000AC2DAA /* DashboardVC.swift in Sources */,
				6F6BB57920A9BAA400700751 /* AppDelegate.swift in Sources */,
				6F5509E320ADAB710023002C /* GradientView.swift in Sources */,
				6F6BB58120A9BAA400700751 /* FlickrApp.xcdatamodeld in Sources */,
				6F7D89B520B4155200DA7810 /* LoginVC.swift in Sources */,
			);
			runOnlyForDeploymentPostprocessing = 0;
		};
/* End PBXSourcesBuildPhase section */

/* Begin PBXVariantGroup section */
		6F6BB57C20A9BAA400700751 /* Main.storyboard */ = {
			isa = PBXVariantGroup;
			children = (
				6F6BB57D20A9BAA400700751 /* Base */,
			);
			name = Main.storyboard;
			sourceTree = "<group>";
		};
		6F6BB58420A9BAA600700751 /* LaunchScreen.storyboard */ = {
			isa = PBXVariantGroup;
			children = (
				6F6BB58520A9BAA600700751 /* Base */,
			);
			name = LaunchScreen.storyboard;
			sourceTree = "<group>";
		};
/* End PBXVariantGroup section */

/* Begin XCBuildConfiguration section */
		6F6BB58820A9BAA600700751 /* Debug */ = {
			isa = XCBuildConfiguration;
			buildSettings = {
				ALWAYS_SEARCH_USER_PATHS = NO;
				CLANG_ANALYZER_NONNULL = YES;
				CLANG_ANALYZER_NUMBER_OBJECT_CONVERSION = YES_AGGRESSIVE;
				CLANG_CXX_LANGUAGE_STANDARD = "gnu++14";
				CLANG_CXX_LIBRARY = "libc++";
				CLANG_ENABLE_MODULES = YES;
				CLANG_ENABLE_OBJC_ARC = YES;
				CLANG_ENABLE_OBJC_WEAK = YES;
				CLANG_WARN_BLOCK_CAPTURE_AUTORELEASING = YES;
				CLANG_WARN_BOOL_CONVERSION = YES;
				CLANG_WARN_COMMA = YES;
				CLANG_WARN_CONSTANT_CONVERSION = YES;
				CLANG_WARN_DEPRECATED_OBJC_IMPLEMENTATIONS = YES;
				CLANG_WARN_DIRECT_OBJC_ISA_USAGE = YES_ERROR;
				CLANG_WARN_DOCUMENTATION_COMMENTS = YES;
				CLANG_WARN_EMPTY_BODY = YES;
				CLANG_WARN_ENUM_CONVERSION = YES;
				CLANG_WARN_INFINITE_RECURSION = YES;
				CLANG_WARN_INT_CONVERSION = YES;
				CLANG_WARN_NON_LITERAL_NULL_CONVERSION = YES;
				CLANG_WARN_OBJC_IMPLICIT_RETAIN_SELF = YES;
				CLANG_WARN_OBJC_LITERAL_CONVERSION = YES;
				CLANG_WARN_OBJC_ROOT_CLASS = YES_ERROR;
				CLANG_WARN_RANGE_LOOP_ANALYSIS = YES;
				CLANG_WARN_STRICT_PROTOTYPES = YES;
				CLANG_WARN_SUSPICIOUS_MOVE = YES;
				CLANG_WARN_UNGUARDED_AVAILABILITY = YES_AGGRESSIVE;
				CLANG_WARN_UNREACHABLE_CODE = YES;
				CLANG_WARN__DUPLICATE_METHOD_MATCH = YES;
				CODE_SIGN_IDENTITY = "iPhone Developer";
				COPY_PHASE_STRIP = NO;
				DEBUG_INFORMATION_FORMAT = dwarf;
				ENABLE_STRICT_OBJC_MSGSEND = YES;
				ENABLE_TESTABILITY = YES;
				GCC_C_LANGUAGE_STANDARD = gnu11;
				GCC_DYNAMIC_NO_PIC = NO;
				GCC_NO_COMMON_BLOCKS = YES;
				GCC_OPTIMIZATION_LEVEL = 0;
				GCC_PREPROCESSOR_DEFINITIONS = (
					"DEBUG=1",
					"$(inherited)",
				);
				GCC_WARN_64_TO_32_BIT_CONVERSION = YES;
				GCC_WARN_ABOUT_RETURN_TYPE = YES_ERROR;
				GCC_WARN_UNDECLARED_SELECTOR = YES;
				GCC_WARN_UNINITIALIZED_AUTOS = YES_AGGRESSIVE;
				GCC_WARN_UNUSED_FUNCTION = YES;
				GCC_WARN_UNUSED_VARIABLE = YES;
				IPHONEOS_DEPLOYMENT_TARGET = 11.3;
				MTL_ENABLE_DEBUG_INFO = YES;
				ONLY_ACTIVE_ARCH = YES;
				SDKROOT = iphoneos;
				SWIFT_ACTIVE_COMPILATION_CONDITIONS = DEBUG;
				SWIFT_OPTIMIZATION_LEVEL = "-Onone";
			};
			name = Debug;
		};
		6F6BB58920A9BAA600700751 /* Release */ = {
			isa = XCBuildConfiguration;
			buildSettings = {
				ALWAYS_SEARCH_USER_PATHS = NO;
				CLANG_ANALYZER_NONNULL = YES;
				CLANG_ANALYZER_NUMBER_OBJECT_CONVERSION = YES_AGGRESSIVE;
				CLANG_CXX_LANGUAGE_STANDARD = "gnu++14";
				CLANG_CXX_LIBRARY = "libc++";
				CLANG_ENABLE_MODULES = YES;
				CLANG_ENABLE_OBJC_ARC = YES;
				CLANG_ENABLE_OBJC_WEAK = YES;
				CLANG_WARN_BLOCK_CAPTURE_AUTORELEASING = YES;
				CLANG_WARN_BOOL_CONVERSION = YES;
				CLANG_WARN_COMMA = YES;
				CLANG_WARN_CONSTANT_CONVERSION = YES;
				CLANG_WARN_DEPRECATED_OBJC_IMPLEMENTATIONS = YES;
				CLANG_WARN_DIRECT_OBJC_ISA_USAGE = YES_ERROR;
				CLANG_WARN_DOCUMENTATION_COMMENTS = YES;
				CLANG_WARN_EMPTY_BODY = YES;
				CLANG_WARN_ENUM_CONVERSION = YES;
				CLANG_WARN_INFINITE_RECURSION = YES;
				CLANG_WARN_INT_CONVERSION = YES;
				CLANG_WARN_NON_LITERAL_NULL_CONVERSION = YES;
				CLANG_WARN_OBJC_IMPLICIT_RETAIN_SELF = YES;
				CLANG_WARN_OBJC_LITERAL_CONVERSION = YES;
				CLANG_WARN_OBJC_ROOT_CLASS = YES_ERROR;
				CLANG_WARN_RANGE_LOOP_ANALYSIS = YES;
				CLANG_WARN_STRICT_PROTOTYPES = YES;
				CLANG_WARN_SUSPICIOUS_MOVE = YES;
				CLANG_WARN_UNGUARDED_AVAILABILITY = YES_AGGRESSIVE;
				CLANG_WARN_UNREACHABLE_CODE = YES;
				CLANG_WARN__DUPLICATE_METHOD_MATCH = YES;
				CODE_SIGN_IDENTITY = "iPhone Developer";
				COPY_PHASE_STRIP = NO;
				DEBUG_INFORMATION_FORMAT = "dwarf-with-dsym";
				ENABLE_NS_ASSERTIONS = NO;
				ENABLE_STRICT_OBJC_MSGSEND = YES;
				GCC_C_LANGUAGE_STANDARD = gnu11;
				GCC_NO_COMMON_BLOCKS = YES;
				GCC_WARN_64_TO_32_BIT_CONVERSION = YES;
				GCC_WARN_ABOUT_RETURN_TYPE = YES_ERROR;
				GCC_WARN_UNDECLARED_SELECTOR = YES;
				GCC_WARN_UNINITIALIZED_AUTOS = YES_AGGRESSIVE;
				GCC_WARN_UNUSED_FUNCTION = YES;
				GCC_WARN_UNUSED_VARIABLE = YES;
				IPHONEOS_DEPLOYMENT_TARGET = 11.3;
				MTL_ENABLE_DEBUG_INFO = NO;
				SDKROOT = iphoneos;
				SWIFT_COMPILATION_MODE = wholemodule;
				SWIFT_OPTIMIZATION_LEVEL = "-O";
				VALIDATE_PRODUCT = YES;
			};
			name = Release;
		};
		6F6BB58B20A9BAA600700751 /* Debug */ = {
			isa = XCBuildConfiguration;
			baseConfigurationReference = D0FB81A3624A0DDA48C4D132 /* Pods-FlickrApp.debug.xcconfig */;
			buildSettings = {
				ASSETCATALOG_COMPILER_APPICON_NAME = AppIcon;
				CODE_SIGN_STYLE = Automatic;
				DEVELOPMENT_TEAM = 89PGK477R7;
				INFOPLIST_FILE = FlickrApp/Info.plist;
				LD_RUNPATH_SEARCH_PATHS = (
					"$(inherited)",
					"@executable_path/Frameworks",
				);
				PRODUCT_BUNDLE_IDENTIFIER = com.example.FlickrApp;
				PRODUCT_NAME = "$(TARGET_NAME)";
				SWIFT_VERSION = 4.0;
				TARGETED_DEVICE_FAMILY = "1,2";
			};
			name = Debug;
		};
		6F6BB58C20A9BAA600700751 /* Release */ = {
			isa = XCBuildConfiguration;
			baseConfigurationReference = 9BD27AC9D7DAEE0DD1207242 /* Pods-FlickrApp.release.xcconfig */;
			buildSettings = {
				ASSETCATALOG_COMPILER_APPICON_NAME = AppIcon;
				CODE_SIGN_STYLE = Automatic;
				DEVELOPMENT_TEAM = 89PGK477R7;
				INFOPLIST_FILE = FlickrApp/Info.plist;
				LD_RUNPATH_SEARCH_PATHS = (
					"$(inherited)",
					"@executable_path/Frameworks",
				);
				PRODUCT_BUNDLE_IDENTIFIER = com.example.FlickrApp;
				PRODUCT_NAME = "$(TARGET_NAME)";
				SWIFT_VERSION = 4.0;
				TARGETED_DEVICE_FAMILY = "1,2";
			};
			name = Release;
		};
/* End XCBuildConfiguration section */

/* Begin XCConfigurationList section */
		6F6BB57020A9BAA400700751 /* Build configuration list for PBXProject "FlickrApp" */ = {
			isa = XCConfigurationList;
			buildConfigurations = (
				6F6BB58820A9BAA600700751 /* Debug */,
				6F6BB58920A9BAA600700751 /* Release */,
			);
			defaultConfigurationIsVisible = 0;
			defaultConfigurationName = Release;
		};
		6F6BB58A20A9BAA600700751 /* Build configuration list for PBXNativeTarget "FlickrApp" */ = {
			isa = XCConfigurationList;
			buildConfigurations = (
				6F6BB58B20A9BAA600700751 /* Debug */,
				6F6BB58C20A9BAA600700751 /* Release */,
			);
			defaultConfigurationIsVisible = 0;
			defaultConfigurationName = Release;
		};
/* End XCConfigurationList section */

/* Begin XCVersionGroup section */
		6F6BB57F20A9BAA400700751 /* FlickrApp.xcdatamodeld */ = {
			isa = XCVersionGroup;
			children = (
				6F6BB58020A9BAA400700751 /* FlickrApp.xcdatamodel */,
			);
			currentVersion = 6F6BB58020A9BAA400700751 /* FlickrApp.xcdatamodel */;
			path = FlickrApp.xcdatamodeld;
			sourceTree = "<group>";
			versionGroupType = wrapper.xcdatamodel;
		};
/* End XCVersionGroup section */
	};
	rootObject = 6F6BB56D20A9BAA400700751 /* Project object */;
}
